
Microsoft Visual Studio Solution File, Format Version 12.00
# Visual Studio Version 16
VisualStudioVersion = 16.0.32510.428
MinimumVisualStudioVersion = 10.0.40219.1
Project("{FAE04EC0-301F-11D3-BF4B-00C04F79EFBC}") = "GesRes", "GesRes\GesRes.csproj", "{6AC754D5-FFF0-4A18-92B3-29394A47EE96}"
EndProject
Global
	GlobalSection(SolutionConfigurationPlatforms) = preSolution
		Debug|Any CPU = Debug|Any CPU
		Release|Any CPU = Release|Any CPU
	EndGlobalSection
	GlobalSection(ProjectConfigurationPlatforms) = postSolution
		{6AC754D5-FFF0-4A18-92B3-29394A47EE96}.Debug|Any CPU.ActiveCfg = Debug|Any CPU
		{6AC754D5-FFF0-4A18-92B3-29394A47EE96}.Debug|Any CPU.Build.0 = Debug|Any CPU
		{6AC754D5-FFF0-4A18-92B3-29394A47EE96}.Release|Any CPU.ActiveCfg = Release|Any CPU
		{6AC754D5-FFF0-4A18-92B3-29394A47EE96}.Release|Any CPU.Build.0 = Release|Any CPU
	EndGlobalSection
	GlobalSection(SolutionProperties) = preSolution
		HideSolutionNode = FALSE
	EndGlobalSection
	GlobalSection(ExtensibilityGlobals) = postSolution
		SolutionGuid = {5B2FFC0B-539B-43F4-8BA3-5773794F128E}
	EndGlobalSection
EndGlobal
